// !$*UTF8*$!
{
	archiveVersion = 1;
	classes = {
	};
	objectVersion = 46;
	objects = {

/* Begin PBXBuildFile section */
		C9829AFA169FCCF000EA6863 /* UIKit.framework in Frameworks */ = {isa = PBXBuildFile; fileRef = C9829AF9169FCCF000EA6863 /* UIKit.framework */; };
		C9829AFC169FCCF000EA6863 /* Foundation.framework in Frameworks */ = {isa = PBXBuildFile; fileRef = C9829AFB169FCCF000EA6863 /* Foundation.framework */; };
		C9829AFE169FCCF000EA6863 /* CoreGraphics.framework in Frameworks */ = {isa = PBXBuildFile; fileRef = C9829AFD169FCCF000EA6863 /* CoreGraphics.framework */; };
		C9829B04169FCCF000EA6863 /* InfoPlist.strings in Resources */ = {isa = PBXBuildFile; fileRef = C9829B02169FCCF000EA6863 /* InfoPlist.strings */; };
		C9829B06169FCCF000EA6863 /* main.m in Sources */ = {isa = PBXBuildFile; fileRef = C9829B05169FCCF000EA6863 /* main.m */; };
		C9829B0A169FCCF000EA6863 /* AppDelegate.m in Sources */ = {isa = PBXBuildFile; fileRef = C9829B09169FCCF000EA6863 /* AppDelegate.m */; };
		C9829B0C169FCCF000EA6863 /* Default.png in Resources */ = {isa = PBXBuildFile; fileRef = C9829B0B169FCCF000EA6863 /* Default.png */; };
		C9829B0E169FCCF100EA6863 /* Default@2x.png in Resources */ = {isa = PBXBuildFile; fileRef = C9829B0D169FCCF000EA6863 /* Default@2x.png */; };
		C9829B10169FCCF100EA6863 /* Default-568h@2x.png in Resources */ = {isa = PBXBuildFile; fileRef = C9829B0F169FCCF100EA6863 /* Default-568h@2x.png */; };
/* End PBXBuildFile section */

/* Begin PBXFileReference section */
		C9829AF5169FCCF000EA6863 /* Project1.app */ = {isa = PBXFileReference; explicitFileType = wrapper.application; includeInIndex = 0; path = Project1.app; sourceTree = BUILT_PRODUCTS_DIR; };
		C9829AF9169FCCF000EA6863 /* UIKit.framework */ = {isa = PBXFileReference; lastKnownFileType = wrapper.framework; name = UIKit.framework; path = System/Library/Frameworks/UIKit.framework; sourceTree = SDKROOT; };
		C9829AFB169FCCF000EA6863 /* Foundation.framework */ = {isa = PBXFileReference; lastKnownFileType = wrapper.framework; name = Foundation.framework; path = System/Library/Frameworks/Foundation.framework; sourceTree = SDKROOT; };
		C9829AFD169FCCF000EA6863 /* CoreGraphics.framework */ = {isa = PBXFileReference; lastKnownFileType = wrapper.framework; name = CoreGraphics.framework; path = System/Library/Frameworks/CoreGraphics.framework; sourceTree = SDKROOT; };
		C9829B01169FCCF000EA6863 /* Project1-Info.plist */ = {isa = PBXFileReference; lastKnownFileType = text.plist.xml; path = "Project1-Info.plist"; sourceTree = "<group>"; };
		C9829B03169FCCF000EA6863 /* en */ = {isa = PBXFileReference; lastKnownFileType = text.plist.strings; name = en; path = en.lproj/InfoPlist.strings; sourceTree = "<group>"; };
		C9829B05169FCCF000EA6863 /* main.m */ = {isa = PBXFileReference; lastKnownFileType = sourcecode.c.objc; path = main.m; sourceTree = "<group>"; };
		C9829B07169FCCF000EA6863 /* Project1-Prefix.pch */ = {isa = PBXFileReference; lastKnownFileType = sourcecode.c.h; path = "Project1-Prefix.pch"; sourceTree = "<group>"; };
		C9829B08169FCCF000EA6863 /* AppDelegate.h */ = {isa = PBXFileReference; lastKnownFileType = sourcecode.c.h; path = AppDelegate.h; sourceTree = "<group>"; };
		C9829B09169FCCF000EA6863 /* AppDelegate.m */ = {isa = PBXFileReference; lastKnownFileType = sourcecode.c.objc; path = AppDelegate.m; sourceTree = "<group>"; };
		C9829B0B169FCCF000EA6863 /* Default.png */ = {isa = PBXFileReference; lastKnownFileType = image.png; path = Default.png; sourceTree = "<group>"; };
		C9829B0D169FCCF000EA6863 /* Default@2x.png */ = {isa = PBXFileReference; lastKnownFileType = image.png; path = "Default@2x.png"; sourceTree = "<group>"; };
		C9829B0F169FCCF100EA6863 /* Default-568h@2x.png */ = {isa = PBXFileReference; lastKnownFileType = image.png; path = "Default-568h@2x.png"; sourceTree = "<group>"; };
/* End PBXFileReference section */

/* Begin PBXFrameworksBuildPhase section */
		C9829AF2169FCCF000EA6863 /* Frameworks */ = {
			isa = PBXFrameworksBuildPhase;
			buildActionMask = 2147483647;
			files = (
				C9829AFA169FCCF000EA6863 /* UIKit.framework in Frameworks */,
				C9829AFC169FCCF000EA6863 /* Foundation.framework in Frameworks */,
				C9829AFE169FCCF000EA6863 /* CoreGraphics.framework in Frameworks */,
			);
			runOnlyForDeploymentPostprocessing = 0;
		};
/* End PBXFrameworksBuildPhase section */

/* Begin PBXGroup section */
		C9829AEA169FCCF000EA6863 = {
			isa = PBXGroup;
			children = (
				C9829AFF169FCCF000EA6863 /* Project1 */,
				C9829AF8169FCCF000EA6863 /* Frameworks */,
				C9829AF6169FCCF000EA6863 /* Products */,
			);
			sourceTree = "<group>";
		};
		C9829AF6169FCCF000EA6863 /* Products */ = {
			isa = PBXGroup;
			children = (
				C9829AF5169FCCF000EA6863 /* Project1.app */,
			);
			name = Products;
			sourceTree = "<group>";
		};
		C9829AF8169FCCF000EA6863 /* Frameworks */ = {
			isa = PBXGroup;
			children = (
				C9829AF9169FCCF000EA6863 /* UIKit.framework */,
				C9829AFB169FCCF000EA6863 /* Foundation.framework */,
				C9829AFD169FCCF000EA6863 /* CoreGraphics.framework */,
			);
			name = Frameworks;
			sourceTree = "<group>";
		};
		C9829AFF169FCCF000EA6863 /* Project1 */ = {
			isa = PBXGroup;
			children = (
				C9829B08169FCCF000EA6863 /* AppDelegate.h */,
				C9829B09169FCCF000EA6863 /* AppDelegate.m */,
				C9829B00169FCCF000EA6863 /* Supporting Files */,
			);
			path = Project1;
			sourceTree = "<group>";
		};
		C9829B00169FCCF000EA6863 /* Supporting Files */ = {
			isa = PBXGroup;
			children = (
				C9829B01169FCCF000EA6863 /* Project1-Info.plist */,
				C9829B02169FCCF000EA6863 /* InfoPlist.strings */,
				C9829B05169FCCF000EA6863 /* main.m */,
				C9829B07169FCCF000EA6863 /* Project1-Prefix.pch */,
				C9829B0B169FCCF000EA6863 /* Default.png */,
				C9829B0D169FCCF000EA6863 /* Default@2x.png */,
				C9829B0F169FCCF100EA6863 /* Default-568h@2x.png */,
			);
			name = "Supporting Files";
			sourceTree = "<group>";
		};
/* End PBXGroup section */

/* Begin PBXNativeTarget section */
		C9829AF4169FCCF000EA6863 /* Project1 */ = {
			isa = PBXNativeTarget;
			buildConfigurationList = C9829B13169FCCF100EA6863 /* Build configuration list for PBXNativeTarget "Project1" */;
			buildPhases = (
				C9829AF1169FCCF000EA6863 /* Sources */,
				C9829AF2169FCCF000EA6863 /* Frameworks */,
				C9829AF3169FCCF000EA6863 /* Resources */,
			);
			buildRules = (
			);
			dependencies = (
			);
			name = Project1;
			productName = Project1;
			productReference = C9829AF5169FCCF000EA6863 /* Project1.app */;
			productType = "com.apple.product-type.application";
		};
/* End PBXNativeTarget section */

/* Begin PBXProject section */
		C9829AEC169FCCF000EA6863 /* Project object */ = {
			isa = PBXProject;
			attributes = {
				LastUpgradeCheck = 0450;
				ORGANIZATIONNAME = "Michelle Pessoa";
			};
			buildConfigurationList = C9829AEF169FCCF000EA6863 /* Build configuration list for PBXProject "Project1" */;
			compatibilityVersion = "Xcode 3.2";
			developmentRegion = English;
			hasScannedForEncodings = 0;
			knownRegions = (
				en,
			);
			mainGroup = C9829AEA169FCCF000EA6863;
			productRefGroup = C9829AF6169FCCF000EA6863 /* Products */;
			projectDirPath = "";
			projectRoot = "";
			targets = (
				C9829AF4169FCCF000EA6863 /* Project1 */,
			);
		};
/* End PBXProject section */

/* Begin PBXResourcesBuildPhase section */
		C9829AF3169FCCF000EA6863 /* Resources */ = {
			isa = PBXResourcesBuildPhase;
			buildActionMask = 2147483647;
			files = (
				C9829B04169FCCF000EA6863 /* InfoPlist.strings in Resources */,
				C9829B0C169FCCF000EA6863 /* Default.png in Resources */,
				C9829B0E169FCCF100EA6863 /* Default@2x.png in Resources */,
				C9829B10169FCCF100EA6863 /* Default-568h@2x.png in Resources */,
			);
			runOnlyForDeploymentPostprocessing = 0;
		};
/* End PBXResourcesBuildPhase section */

/* Begin PBXSourcesBuildPhase section */
		C9829AF1169FCCF000EA6863 /* Sources */ = {
			isa = PBXSourcesBuildPhase;
			buildActionMask = 2147483647;
			files = (
				C9829B06169FCCF000EA6863 /* main.m in Sources */,
				C9829B0A169FCCF000EA6863 /* AppDelegate.m in Sources */,
			);
			runOnlyForDeploymentPostprocessing = 0;
		};
/* End PBXSourcesBuildPhase section */

/* Begin PBXVariantGroup section */
		C9829B02169FCCF000EA6863 /* InfoPlist.strings */ = {
			isa = PBXVariantGroup;
			children = (
				C9829B03169FCCF000EA6863 /* en */,
			);
			name = InfoPlist.strings;
			sourceTree = "<group>";
		};
/* End PBXVariantGroup section */

/* Begin XCBuildConfiguration section */
		C9829B11169FCCF100EA6863 /* Debug */ = {
			isa = XCBuildConfiguration;
			buildSettings = {
				ALWAYS_SEARCH_USER_PATHS = NO;
				CLANG_CXX_LANGUAGE_STANDARD = "gnu++0x";
				CLANG_CXX_LIBRARY = "libc++";
				CLANG_WARN_EMPTY_BODY = YES;
				CLANG_WARN__DUPLICATE_METHOD_MATCH = YES;
				"CODE_SIGN_IDENTITY[sdk=iphoneos*]" = "iPhone Developer";
				COPY_PHASE_STRIP = NO;
				GCC_C_LANGUAGE_STANDARD = gnu99;
				GCC_DYNAMIC_NO_PIC = NO;
				GCC_OPTIMIZATION_LEVEL = 0;
				GCC_PREPROCESSOR_DEFINITIONS = (
					"DEBUG=1",
					"$(inherited)",
				);
				GCC_SYMBOLS_PRIVATE_EXTERN = NO;
				GCC_WARN_ABOUT_RETURN_TYPE = YES;
				GCC_WARN_UNINITIALIZED_AUTOS = YES;
				GCC_WARN_UNUSED_VARIABLE = YES;
				IPHONEOS_DEPLOYMENT_TARGET = 6.0;
				ONLY_ACTIVE_ARCH = YES;
				SDKROOT = iphoneos;
			};
			name = Debug;
		};
		C9829B12169FCCF100EA6863 /* Release */ = {
			isa = XCBuildConfiguration;
			buildSettings = {
				ALWAYS_SEARCH_USER_PATHS = NO;
				CLANG_CXX_LANGUAGE_STANDARD = "gnu++0x";
				CLANG_CXX_LIBRARY = "libc++";
				CLANG_WARN_EMPTY_BODY = YES;
				CLANG_WARN__DUPLICATE_METHOD_MATCH = YES;
				"CODE_SIGN_IDENTITY[sdk=iphoneos*]" = "iPhone Developer";
				COPY_PHASE_STRIP = YES;
				GCC_C_LANGUAGE_STANDARD = gnu99;
				GCC_WARN_ABOUT_RETURN_TYPE = YES;
				GCC_WARN_UNINITIALIZED_AUTOS = YES;
				GCC_WARN_UNUSED_VARIABLE = YES;
				IPHONEOS_DEPLOYMENT_TARGET = 6.0;
				OTHER_CFLAGS = "-DNS_BLOCK_ASSERTIONS=1";
				SDKROOT = iphoneos;
				VALIDATE_PRODUCT = YES;
			};
			name = Release;
		};
		C9829B14169FCCF100EA6863 /* Debug */ = {
			isa = XCBuildConfiguration;
			buildSettings = {
				GCC_PRECOMPILE_PREFIX_HEADER = YES;
				GCC_PREFIX_HEADER = "Project1/Project1-Prefix.pch";
				INFOPLIST_FILE = "Project1/Project1-Info.plist";
				PRODUCT_NAME = "$(TARGET_NAME)";
				WRAPPER_EXTENSION = app;
			};
			name = Debug;
		};
		C9829B15169FCCF100EA6863 /* Release */ = {
			isa = XCBuildConfiguration;
			buildSettings = {
				GCC_PRECOMPILE_PREFIX_HEADER = YES;
				GCC_PREFIX_HEADER = "Project1/Project1-Prefix.pch";
				INFOPLIST_FILE = "Project1/Project1-Info.plist";
				PRODUCT_NAME = "$(TARGET_NAME)";
				WRAPPER_EXTENSION = app;
			};
			name = Release;
		};
/* End XCBuildConfiguration section */

/* Begin XCConfigurationList section */
		C9829AEF169FCCF000EA6863 /* Build configuration list for PBXProject "Project1" */ = {
			isa = XCConfigurationList;
			buildConfigurations = (
				C9829B11169FCCF100EA6863 /* Debug */,
				C9829B12169FCCF100EA6863 /* Release */,
			);
			defaultConfigurationIsVisible = 0;
			defaultConfigurationName = Release;
		};
		C9829B13169FCCF100EA6863 /* Build configuration list for PBXNativeTarget "Project1" */ = {
			isa = XCConfigurationList;
			buildConfigurations = (
				C9829B14169FCCF100EA6863 /* Debug */,
				C9829B15169FCCF100EA6863 /* Release */,
			);
			defaultConfigurationIsVisible = 0;
		};
/* End XCConfigurationList section */
	};
	rootObject = C9829AEC169FCCF000EA6863 /* Project object */;
}
