// !$*UTF8*$!
{
	archiveVersion = 1;
	classes = {
	};
	objectVersion = 46;
	objects = {

/* Begin PBXBuildFile section */
		1C6308DB16A90306003877D9 /* UIKit.framework in Frameworks */ = {isa = PBXBuildFile; fileRef = 1C6308DA16A90306003877D9 /* UIKit.framework */; };
		1C6308DD16A90306003877D9 /* Foundation.framework in Frameworks */ = {isa = PBXBuildFile; fileRef = 1C6308DC16A90306003877D9 /* Foundation.framework */; };
		1C6308DF16A90306003877D9 /* CoreGraphics.framework in Frameworks */ = {isa = PBXBuildFile; fileRef = 1C6308DE16A90306003877D9 /* CoreGraphics.framework */; };
		1C6308E516A90306003877D9 /* InfoPlist.strings in Resources */ = {isa = PBXBuildFile; fileRef = 1C6308E316A90306003877D9 /* InfoPlist.strings */; };
		1C6308E716A90306003877D9 /* main.m in Sources */ = {isa = PBXBuildFile; fileRef = 1C6308E616A90306003877D9 /* main.m */; };
		1C6308EB16A90306003877D9 /* AppDelegate.m in Sources */ = {isa = PBXBuildFile; fileRef = 1C6308EA16A90306003877D9 /* AppDelegate.m */; };
		1C6308ED16A90306003877D9 /* Default.png in Resources */ = {isa = PBXBuildFile; fileRef = 1C6308EC16A90306003877D9 /* Default.png */; };
		1C6308EF16A90306003877D9 /* Default@2x.png in Resources */ = {isa = PBXBuildFile; fileRef = 1C6308EE16A90306003877D9 /* Default@2x.png */; };
		1C6308F116A90306003877D9 /* Default-568h@2x.png in Resources */ = {isa = PBXBuildFile; fileRef = 1C6308F016A90306003877D9 /* Default-568h@2x.png */; };
		1C6308F416A90306003877D9 /* ViewController.m in Sources */ = {isa = PBXBuildFile; fileRef = 1C6308F316A90306003877D9 /* ViewController.m */; };
		1C6308F716A90306003877D9 /* ViewController.xib in Resources */ = {isa = PBXBuildFile; fileRef = 1C6308F516A90306003877D9 /* ViewController.xib */; };
/* End PBXBuildFile section */

/* Begin PBXFileReference section */
		1C6308D616A90306003877D9 /* project2.app */ = {isa = PBXFileReference; explicitFileType = wrapper.application; includeInIndex = 0; path = project2.app; sourceTree = BUILT_PRODUCTS_DIR; };
		1C6308DA16A90306003877D9 /* UIKit.framework */ = {isa = PBXFileReference; lastKnownFileType = wrapper.framework; name = UIKit.framework; path = System/Library/Frameworks/UIKit.framework; sourceTree = SDKROOT; };
		1C6308DC16A90306003877D9 /* Foundation.framework */ = {isa = PBXFileReference; lastKnownFileType = wrapper.framework; name = Foundation.framework; path = System/Library/Frameworks/Foundation.framework; sourceTree = SDKROOT; };
		1C6308DE16A90306003877D9 /* CoreGraphics.framework */ = {isa = PBXFileReference; lastKnownFileType = wrapper.framework; name = CoreGraphics.framework; path = System/Library/Frameworks/CoreGraphics.framework; sourceTree = SDKROOT; };
		1C6308E216A90306003877D9 /* project2-Info.plist */ = {isa = PBXFileReference; lastKnownFileType = text.plist.xml; path = "project2-Info.plist"; sourceTree = "<group>"; };
		1C6308E416A90306003877D9 /* en */ = {isa = PBXFileReference; lastKnownFileType = text.plist.strings; name = en; path = en.lproj/InfoPlist.strings; sourceTree = "<group>"; };
		1C6308E616A90306003877D9 /* main.m */ = {isa = PBXFileReference; lastKnownFileType = sourcecode.c.objc; path = main.m; sourceTree = "<group>"; };
		1C6308E816A90306003877D9 /* project2-Prefix.pch */ = {isa = PBXFileReference; lastKnownFileType = sourcecode.c.h; path = "project2-Prefix.pch"; sourceTree = "<group>"; };
		1C6308E916A90306003877D9 /* AppDelegate.h */ = {isa = PBXFileReference; lastKnownFileType = sourcecode.c.h; path = AppDelegate.h; sourceTree = "<group>"; };
		1C6308EA16A90306003877D9 /* AppDelegate.m */ = {isa = PBXFileReference; lastKnownFileType = sourcecode.c.objc; path = AppDelegate.m; sourceTree = "<group>"; };
		1C6308EC16A90306003877D9 /* Default.png */ = {isa = PBXFileReference; lastKnownFileType = image.png; path = Default.png; sourceTree = "<group>"; };
		1C6308EE16A90306003877D9 /* Default@2x.png */ = {isa = PBXFileReference; lastKnownFileType = image.png; path = "Default@2x.png"; sourceTree = "<group>"; };
		1C6308F016A90306003877D9 /* Default-568h@2x.png */ = {isa = PBXFileReference; lastKnownFileType = image.png; path = "Default-568h@2x.png"; sourceTree = "<group>"; };
		1C6308F216A90306003877D9 /* ViewController.h */ = {isa = PBXFileReference; lastKnownFileType = sourcecode.c.h; path = ViewController.h; sourceTree = "<group>"; };
		1C6308F316A90306003877D9 /* ViewController.m */ = {isa = PBXFileReference; lastKnownFileType = sourcecode.c.objc; path = ViewController.m; sourceTree = "<group>"; };
		1C6308F616A90306003877D9 /* en */ = {isa = PBXFileReference; lastKnownFileType = file.xib; name = en; path = en.lproj/ViewController.xib; sourceTree = "<group>"; };
/* End PBXFileReference section */

/* Begin PBXFrameworksBuildPhase section */
		1C6308D316A90306003877D9 /* Frameworks */ = {
			isa = PBXFrameworksBuildPhase;
			buildActionMask = 2147483647;
			files = (
				1C6308DB16A90306003877D9 /* UIKit.framework in Frameworks */,
				1C6308DD16A90306003877D9 /* Foundation.framework in Frameworks */,
				1C6308DF16A90306003877D9 /* CoreGraphics.framework in Frameworks */,
			);
			runOnlyForDeploymentPostprocessing = 0;
		};
/* End PBXFrameworksBuildPhase section */

/* Begin PBXGroup section */
		1C6308CB16A90306003877D9 = {
			isa = PBXGroup;
			children = (
				1C6308E016A90306003877D9 /* project2 */,
				1C6308D916A90306003877D9 /* Frameworks */,
				1C6308D716A90306003877D9 /* Products */,
			);
			sourceTree = "<group>";
		};
		1C6308D716A90306003877D9 /* Products */ = {
			isa = PBXGroup;
			children = (
				1C6308D616A90306003877D9 /* project2.app */,
			);
			name = Products;
			sourceTree = "<group>";
		};
		1C6308D916A90306003877D9 /* Frameworks */ = {
			isa = PBXGroup;
			children = (
				1C6308DA16A90306003877D9 /* UIKit.framework */,
				1C6308DC16A90306003877D9 /* Foundation.framework */,
				1C6308DE16A90306003877D9 /* CoreGraphics.framework */,
			);
			name = Frameworks;
			sourceTree = "<group>";
		};
		1C6308E016A90306003877D9 /* project2 */ = {
			isa = PBXGroup;
			children = (
				1C6308E916A90306003877D9 /* AppDelegate.h */,
				1C6308EA16A90306003877D9 /* AppDelegate.m */,
				1C6308F216A90306003877D9 /* ViewController.h */,
				1C6308F316A90306003877D9 /* ViewController.m */,
				1C6308F516A90306003877D9 /* ViewController.xib */,
				1C6308E116A90306003877D9 /* Supporting Files */,
			);
			path = project2;
			sourceTree = "<group>";
		};
		1C6308E116A90306003877D9 /* Supporting Files */ = {
			isa = PBXGroup;
			children = (
				1C6308E216A90306003877D9 /* project2-Info.plist */,
				1C6308E316A90306003877D9 /* InfoPlist.strings */,
				1C6308E616A90306003877D9 /* main.m */,
				1C6308E816A90306003877D9 /* project2-Prefix.pch */,
				1C6308EC16A90306003877D9 /* Default.png */,
				1C6308EE16A90306003877D9 /* Default@2x.png */,
				1C6308F016A90306003877D9 /* Default-568h@2x.png */,
			);
			name = "Supporting Files";
			sourceTree = "<group>";
		};
/* End PBXGroup section */

/* Begin PBXNativeTarget section */
		1C6308D516A90306003877D9 /* project2 */ = {
			isa = PBXNativeTarget;
			buildConfigurationList = 1C6308FA16A90306003877D9 /* Build configuration list for PBXNativeTarget "project2" */;
			buildPhases = (
				1C6308D216A90306003877D9 /* Sources */,
				1C6308D316A90306003877D9 /* Frameworks */,
				1C6308D416A90306003877D9 /* Resources */,
			);
			buildRules = (
			);
			dependencies = (
			);
			name = project2;
			productName = project2;
			productReference = 1C6308D616A90306003877D9 /* project2.app */;
			productType = "com.apple.product-type.application";
		};
/* End PBXNativeTarget section */

/* Begin PBXProject section */
		1C6308CD16A90306003877D9 /* Project object */ = {
			isa = PBXProject;
			attributes = {
				LastUpgradeCheck = 0450;
				ORGANIZATIONNAME = "Michelle Pessoa";
			};
			buildConfigurationList = 1C6308D016A90306003877D9 /* Build configuration list for PBXProject "project2" */;
			compatibilityVersion = "Xcode 3.2";
			developmentRegion = English;
			hasScannedForEncodings = 0;
			knownRegions = (
				en,
			);
			mainGroup = 1C6308CB16A90306003877D9;
			productRefGroup = 1C6308D716A90306003877D9 /* Products */;
			projectDirPath = "";
			projectRoot = "";
			targets = (
				1C6308D516A90306003877D9 /* project2 */,
			);
		};
/* End PBXProject section */

/* Begin PBXResourcesBuildPhase section */
		1C6308D416A90306003877D9 /* Resources */ = {
			isa = PBXResourcesBuildPhase;
			buildActionMask = 2147483647;
			files = (
				1C6308E516A90306003877D9 /* InfoPlist.strings in Resources */,
				1C6308ED16A90306003877D9 /* Default.png in Resources */,
				1C6308EF16A90306003877D9 /* Default@2x.png in Resources */,
				1C6308F116A90306003877D9 /* Default-568h@2x.png in Resources */,
				1C6308F716A90306003877D9 /* ViewController.xib in Resources */,
			);
			runOnlyForDeploymentPostprocessing = 0;
		};
/* End PBXResourcesBuildPhase section */

/* Begin PBXSourcesBuildPhase section */
		1C6308D216A90306003877D9 /* Sources */ = {
			isa = PBXSourcesBuildPhase;
			buildActionMask = 2147483647;
			files = (
				1C6308E716A90306003877D9 /* main.m in Sources */,
				1C6308EB16A90306003877D9 /* AppDelegate.m in Sources */,
				1C6308F416A90306003877D9 /* ViewController.m in Sources */,
			);
			runOnlyForDeploymentPostprocessing = 0;
		};
/* End PBXSourcesBuildPhase section */

/* Begin PBXVariantGroup section */
		1C6308E316A90306003877D9 /* InfoPlist.strings */ = {
			isa = PBXVariantGroup;
			children = (
				1C6308E416A90306003877D9 /* en */,
			);
			name = InfoPlist.strings;
			sourceTree = "<group>";
		};
		1C6308F516A90306003877D9 /* ViewController.xib */ = {
			isa = PBXVariantGroup;
			children = (
				1C6308F616A90306003877D9 /* en */,
			);
			name = ViewController.xib;
			sourceTree = "<group>";
		};
/* End PBXVariantGroup section */

/* Begin XCBuildConfiguration section */
		1C6308F816A90306003877D9 /* Debug */ = {
			isa = XCBuildConfiguration;
			buildSettings = {
				ALWAYS_SEARCH_USER_PATHS = NO;
				CLANG_CXX_LANGUAGE_STANDARD = "gnu++0x";
				CLANG_CXX_LIBRARY = "libc++";
				CLANG_WARN_EMPTY_BODY = YES;
				CLANG_WARN__DUPLICATE_METHOD_MATCH = YES;
				"CODE_SIGN_IDENTITY[sdk=iphoneos*]" = "iPhone Developer";
				COPY_PHASE_STRIP = NO;
				GCC_C_LANGUAGE_STANDARD = gnu99;
				GCC_DYNAMIC_NO_PIC = NO;
				GCC_OPTIMIZATION_LEVEL = 0;
				GCC_PREPROCESSOR_DEFINITIONS = (
					"DEBUG=1",
					"$(inherited)",
				);
				GCC_SYMBOLS_PRIVATE_EXTERN = NO;
				GCC_WARN_ABOUT_RETURN_TYPE = YES;
				GCC_WARN_UNINITIALIZED_AUTOS = YES;
				GCC_WARN_UNUSED_VARIABLE = YES;
				IPHONEOS_DEPLOYMENT_TARGET = 6.0;
				ONLY_ACTIVE_ARCH = YES;
				SDKROOT = iphoneos;
			};
			name = Debug;
		};
		1C6308F916A90306003877D9 /* Release */ = {
			isa = XCBuildConfiguration;
			buildSettings = {
				ALWAYS_SEARCH_USER_PATHS = NO;
				CLANG_CXX_LANGUAGE_STANDARD = "gnu++0x";
				CLANG_CXX_LIBRARY = "libc++";
				CLANG_WARN_EMPTY_BODY = YES;
				CLANG_WARN__DUPLICATE_METHOD_MATCH = YES;
				"CODE_SIGN_IDENTITY[sdk=iphoneos*]" = "iPhone Developer";
				COPY_PHASE_STRIP = YES;
				GCC_C_LANGUAGE_STANDARD = gnu99;
				GCC_WARN_ABOUT_RETURN_TYPE = YES;
				GCC_WARN_UNINITIALIZED_AUTOS = YES;
				GCC_WARN_UNUSED_VARIABLE = YES;
				IPHONEOS_DEPLOYMENT_TARGET = 6.0;
				OTHER_CFLAGS = "-DNS_BLOCK_ASSERTIONS=1";
				SDKROOT = iphoneos;
				VALIDATE_PRODUCT = YES;
			};
			name = Release;
		};
		1C6308FB16A90306003877D9 /* Debug */ = {
			isa = XCBuildConfiguration;
			buildSettings = {
				GCC_PRECOMPILE_PREFIX_HEADER = YES;
				GCC_PREFIX_HEADER = "project2/project2-Prefix.pch";
				INFOPLIST_FILE = "project2/project2-Info.plist";
				PRODUCT_NAME = "$(TARGET_NAME)";
				WRAPPER_EXTENSION = app;
			};
			name = Debug;
		};
		1C6308FC16A90306003877D9 /* Release */ = {
			isa = XCBuildConfiguration;
			buildSettings = {
				GCC_PRECOMPILE_PREFIX_HEADER = YES;
				GCC_PREFIX_HEADER = "project2/project2-Prefix.pch";
				INFOPLIST_FILE = "project2/project2-Info.plist";
				PRODUCT_NAME = "$(TARGET_NAME)";
				WRAPPER_EXTENSION = app;
			};
			name = Release;
		};
/* End XCBuildConfiguration section */

/* Begin XCConfigurationList section */
		1C6308D016A90306003877D9 /* Build configuration list for PBXProject "project2" */ = {
			isa = XCConfigurationList;
			buildConfigurations = (
				1C6308F816A90306003877D9 /* Debug */,
				1C6308F916A90306003877D9 /* Release */,
			);
			defaultConfigurationIsVisible = 0;
			defaultConfigurationName = Release;
		};
		1C6308FA16A90306003877D9 /* Build configuration list for PBXNativeTarget "project2" */ = {
			isa = XCConfigurationList;
			buildConfigurations = (
				1C6308FB16A90306003877D9 /* Debug */,
				1C6308FC16A90306003877D9 /* Release */,
			);
			defaultConfigurationIsVisible = 0;
		};
/* End XCConfigurationList section */
	};
	rootObject = 1C6308CD16A90306003877D9 /* Project object */;
}
